
Microsoft Visual Studio Solution File, Format Version 12.00
Project("{FAE04EC0-301F-11D3-BF4B-00C04F79EFBC}") = "BelinaHelpDesk", "BelinaHelpDesk\BelinaHelpDesk.csproj", "{37A0F54A-13B7-40FB-8697-512B63D6F093}"
EndProject
Global
	GlobalSection(SolutionConfigurationPlatforms) = preSolution
		Debug|Any CPU = Debug|Any CPU
		Release|Any CPU = Release|Any CPU
	EndGlobalSection
	GlobalSection(ProjectConfigurationPlatforms) = postSolution
		{37A0F54A-13B7-40FB-8697-512B63D6F093}.Debug|Any CPU.ActiveCfg = Debug|Any CPU
		{37A0F54A-13B7-40FB-8697-512B63D6F093}.Debug|Any CPU.Build.0 = Debug|Any CPU
		{37A0F54A-13B7-40FB-8697-512B63D6F093}.Release|Any CPU.ActiveCfg = Release|Any CPU
		{37A0F54A-13B7-40FB-8697-512B63D6F093}.Release|Any CPU.Build.0 = Release|Any CPU
	EndGlobalSection
EndGlobal
